
Microsoft Visual Studio Solution File, Format Version 12.00
# Visual Studio Version 17
VisualStudioVersion = 17.11.35327.3
MinimumVisualStudioVersion = 10.0.40219.1
Project("{9A19103F-16F7-4668-BE54-9A1E7A4F7556}") = "TournamentCore", "TournamentCore\TournamentCore.csproj", "{B637A215-4F43-4809-8583-9EACA66AEE9C}"
EndProject
Project("{9A19103F-16F7-4668-BE54-9A1E7A4F7556}") = "TournamentData", "TournamentData\TournamentData.csproj", "{275D4F9B-5B8C-4A4C-BE7D-8D4B20BCE485}"
EndProject
Project("{9A19103F-16F7-4668-BE54-9A1E7A4F7556}") = "TournamentServices", "TournamentServices\TournamentServices.csproj", "{4BEEE0BA-026A-4AF1-BDC1-AF9482643C0B}"
EndProject
Project("{9A19103F-16F7-4668-BE54-9A1E7A4F7556}") = "TournamentPresentation", "TournamentPresentation\TournamentPresentation.csproj", "{681C7E36-C5AF-41BB-8FC8-5FF3CA73E92B}"
EndProject
Project("{FAE04EC0-301F-11D3-BF4B-00C04F79EFBC}") = "TournamentShared", "TournamentShared\TournamentShared.csproj", "{CA15EE37-2EB2-4BC7-896B-3E4C1E54E074}"
EndProject
Project("{FAE04EC0-301F-11D3-BF4B-00C04F79EFBC}") = "ServicesContracts", "ServicesContracts\ServicesContracts.csproj", "{894CAB6E-180E-4603-8B27-34E8D8C7B6B7}"
EndProject
Project("{FAE04EC0-301F-11D3-BF4B-00C04F79EFBC}") = "TournamentApi", "TournamentApi\TournamentApi.csproj", "{5E01E5B3-390A-4CC8-A0B8-1C3F406E8E34}"
EndProject
Global
	GlobalSection(SolutionConfigurationPlatforms) = preSolution
		Debug|Any CPU = Debug|Any CPU
		Release|Any CPU = Release|Any CPU
	EndGlobalSection
	GlobalSection(ProjectConfigurationPlatforms) = postSolution
		{B637A215-4F43-4809-8583-9EACA66AEE9C}.Debug|Any CPU.ActiveCfg = Debug|Any CPU
		{B637A215-4F43-4809-8583-9EACA66AEE9C}.Debug|Any CPU.Build.0 = Debug|Any CPU
		{B637A215-4F43-4809-8583-9EACA66AEE9C}.Release|Any CPU.ActiveCfg = Release|Any CPU
		{B637A215-4F43-4809-8583-9EACA66AEE9C}.Release|Any CPU.Build.0 = Release|Any CPU
		{275D4F9B-5B8C-4A4C-BE7D-8D4B20BCE485}.Debug|Any CPU.ActiveCfg = Debug|Any CPU
		{275D4F9B-5B8C-4A4C-BE7D-8D4B20BCE485}.Debug|Any CPU.Build.0 = Debug|Any CPU
		{275D4F9B-5B8C-4A4C-BE7D-8D4B20BCE485}.Release|Any CPU.ActiveCfg = Release|Any CPU
		{275D4F9B-5B8C-4A4C-BE7D-8D4B20BCE485}.Release|Any CPU.Build.0 = Release|Any CPU
		{4BEEE0BA-026A-4AF1-BDC1-AF9482643C0B}.Debug|Any CPU.ActiveCfg = Debug|Any CPU
		{4BEEE0BA-026A-4AF1-BDC1-AF9482643C0B}.Debug|Any CPU.Build.0 = Debug|Any CPU
		{4BEEE0BA-026A-4AF1-BDC1-AF9482643C0B}.Release|Any CPU.ActiveCfg = Release|Any CPU
		{4BEEE0BA-026A-4AF1-BDC1-AF9482643C0B}.Release|Any CPU.Build.0 = Release|Any CPU
		{681C7E36-C5AF-41BB-8FC8-5FF3CA73E92B}.Debug|Any CPU.ActiveCfg = Debug|Any CPU
		{681C7E36-C5AF-41BB-8FC8-5FF3CA73E92B}.Debug|Any CPU.Build.0 = Debug|Any CPU
		{681C7E36-C5AF-41BB-8FC8-5FF3CA73E92B}.Release|Any CPU.ActiveCfg = Release|Any CPU
		{681C7E36-C5AF-41BB-8FC8-5FF3CA73E92B}.Release|Any CPU.Build.0 = Release|Any CPU
		{CA15EE37-2EB2-4BC7-896B-3E4C1E54E074}.Debug|Any CPU.ActiveCfg = Debug|Any CPU
		{CA15EE37-2EB2-4BC7-896B-3E4C1E54E074}.Debug|Any CPU.Build.0 = Debug|Any CPU
		{CA15EE37-2EB2-4BC7-896B-3E4C1E54E074}.Release|Any CPU.ActiveCfg = Release|Any CPU
		{CA15EE37-2EB2-4BC7-896B-3E4C1E54E074}.Release|Any CPU.Build.0 = Release|Any CPU
		{894CAB6E-180E-4603-8B27-34E8D8C7B6B7}.Debug|Any CPU.ActiveCfg = Debug|Any CPU
		{894CAB6E-180E-4603-8B27-34E8D8C7B6B7}.Debug|Any CPU.Build.0 = Debug|Any CPU
		{894CAB6E-180E-4603-8B27-34E8D8C7B6B7}.Release|Any CPU.ActiveCfg = Release|Any CPU
		{894CAB6E-180E-4603-8B27-34E8D8C7B6B7}.Release|Any CPU.Build.0 = Release|Any CPU
		{5E01E5B3-390A-4CC8-A0B8-1C3F406E8E34}.Debug|Any CPU.ActiveCfg = Debug|Any CPU
		{5E01E5B3-390A-4CC8-A0B8-1C3F406E8E34}.Debug|Any CPU.Build.0 = Debug|Any CPU
		{5E01E5B3-390A-4CC8-A0B8-1C3F406E8E34}.Release|Any CPU.ActiveCfg = Release|Any CPU
		{5E01E5B3-390A-4CC8-A0B8-1C3F406E8E34}.Release|Any CPU.Build.0 = Release|Any CPU
	EndGlobalSection
	GlobalSection(SolutionProperties) = preSolution
		HideSolutionNode = FALSE
	EndGlobalSection
	GlobalSection(ExtensibilityGlobals) = postSolution
		SolutionGuid = {FC427AE3-CE9A-4791-A284-B5E35E6BB944}
	EndGlobalSection
EndGlobal
