
Microsoft Visual Studio Solution File, Format Version 12.00
# Visual Studio Version 17
VisualStudioVersion = 17.11.35327.3
MinimumVisualStudioVersion = 10.0.40219.1
Project("{9A19103F-16F7-4668-BE54-9A1E7A4F7556}") = "TournamentApi", "TournamentApp\TournamentApi.csproj", "{F741217D-5FE2-4BDC-8CEF-E018D0F31442}"
EndProject
Project("{9A19103F-16F7-4668-BE54-9A1E7A4F7556}") = "TournamentCore", "TournamentCore\TournamentCore.csproj", "{B637A215-4F43-4809-8583-9EACA66AEE9C}"
EndProject
Project("{9A19103F-16F7-4668-BE54-9A1E7A4F7556}") = "TournamentData", "TournamentData\TournamentData.csproj", "{275D4F9B-5B8C-4A4C-BE7D-8D4B20BCE485}"
EndProject
Project("{9A19103F-16F7-4668-BE54-9A1E7A4F7556}") = "TournamentServices", "TournamentServices\TournamentServices.csproj", "{4BEEE0BA-026A-4AF1-BDC1-AF9482643C0B}"
EndProject
Project("{9A19103F-16F7-4668-BE54-9A1E7A4F7556}") = "ServicesContracts", "TournamentContracts\ServicesContracts.csproj", "{AC1D3D3A-F592-45E4-9D7C-32D3CDCEA77B}"
EndProject
Project("{9A19103F-16F7-4668-BE54-9A1E7A4F7556}") = "TournamentPresentation", "TournamentPresentation\TournamentPresentation.csproj", "{681C7E36-C5AF-41BB-8FC8-5FF3CA73E92B}"
EndProject
Global
	GlobalSection(SolutionConfigurationPlatforms) = preSolution
		Debug|Any CPU = Debug|Any CPU
		Release|Any CPU = Release|Any CPU
	EndGlobalSection
	GlobalSection(ProjectConfigurationPlatforms) = postSolution
		{F741217D-5FE2-4BDC-8CEF-E018D0F31442}.Debug|Any CPU.ActiveCfg = Debug|Any CPU
		{F741217D-5FE2-4BDC-8CEF-E018D0F31442}.Debug|Any CPU.Build.0 = Debug|Any CPU
		{F741217D-5FE2-4BDC-8CEF-E018D0F31442}.Release|Any CPU.ActiveCfg = Release|Any CPU
		{F741217D-5FE2-4BDC-8CEF-E018D0F31442}.Release|Any CPU.Build.0 = Release|Any CPU
		{B637A215-4F43-4809-8583-9EACA66AEE9C}.Debug|Any CPU.ActiveCfg = Debug|Any CPU
		{B637A215-4F43-4809-8583-9EACA66AEE9C}.Debug|Any CPU.Build.0 = Debug|Any CPU
		{B637A215-4F43-4809-8583-9EACA66AEE9C}.Release|Any CPU.ActiveCfg = Release|Any CPU
		{B637A215-4F43-4809-8583-9EACA66AEE9C}.Release|Any CPU.Build.0 = Release|Any CPU
		{275D4F9B-5B8C-4A4C-BE7D-8D4B20BCE485}.Debug|Any CPU.ActiveCfg = Debug|Any CPU
		{275D4F9B-5B8C-4A4C-BE7D-8D4B20BCE485}.Debug|Any CPU.Build.0 = Debug|Any CPU
		{275D4F9B-5B8C-4A4C-BE7D-8D4B20BCE485}.Release|Any CPU.ActiveCfg = Release|Any CPU
		{275D4F9B-5B8C-4A4C-BE7D-8D4B20BCE485}.Release|Any CPU.Build.0 = Release|Any CPU
		{4BEEE0BA-026A-4AF1-BDC1-AF9482643C0B}.Debug|Any CPU.ActiveCfg = Debug|Any CPU
		{4BEEE0BA-026A-4AF1-BDC1-AF9482643C0B}.Debug|Any CPU.Build.0 = Debug|Any CPU
		{4BEEE0BA-026A-4AF1-BDC1-AF9482643C0B}.Release|Any CPU.ActiveCfg = Release|Any CPU
		{4BEEE0BA-026A-4AF1-BDC1-AF9482643C0B}.Release|Any CPU.Build.0 = Release|Any CPU
		{AC1D3D3A-F592-45E4-9D7C-32D3CDCEA77B}.Debug|Any CPU.ActiveCfg = Debug|Any CPU
		{AC1D3D3A-F592-45E4-9D7C-32D3CDCEA77B}.Debug|Any CPU.Build.0 = Debug|Any CPU
		{AC1D3D3A-F592-45E4-9D7C-32D3CDCEA77B}.Release|Any CPU.ActiveCfg = Release|Any CPU
		{AC1D3D3A-F592-45E4-9D7C-32D3CDCEA77B}.Release|Any CPU.Build.0 = Release|Any CPU
		{681C7E36-C5AF-41BB-8FC8-5FF3CA73E92B}.Debug|Any CPU.ActiveCfg = Debug|Any CPU
		{681C7E36-C5AF-41BB-8FC8-5FF3CA73E92B}.Debug|Any CPU.Build.0 = Debug|Any CPU
		{681C7E36-C5AF-41BB-8FC8-5FF3CA73E92B}.Release|Any CPU.ActiveCfg = Release|Any CPU
		{681C7E36-C5AF-41BB-8FC8-5FF3CA73E92B}.Release|Any CPU.Build.0 = Release|Any CPU
	EndGlobalSection
	GlobalSection(SolutionProperties) = preSolution
		HideSolutionNode = FALSE
	EndGlobalSection
	GlobalSection(ExtensibilityGlobals) = postSolution
		SolutionGuid = {FC427AE3-CE9A-4791-A284-B5E35E6BB944}
	EndGlobalSection
EndGlobal
